// !$*UTF8*$!
{
	archiveVersion = 1;
	classes = {
	};
	objectVersion = 46;
	objects = {

/* Begin PBXBuildFile section */
		9C29675D175D646600B9EB24 /* Foundation.framework in Frameworks */ = {isa = PBXBuildFile; fileRef = 9C29675C175D646600B9EB24 /* Foundation.framework */; };
		9C29677C175D64A800B9EB24 /* NSManagedObjectContext+SSDataKitAdditions.m in Sources */ = {isa = PBXBuildFile; fileRef = 9C29676B175D64A800B9EB24 /* NSManagedObjectContext+SSDataKitAdditions.m */; };
		9C29677D175D64A800B9EB24 /* SSFilterableFetchedResultsController.m in Sources */ = {isa = PBXBuildFile; fileRef = 9C29676D175D64A800B9EB24 /* SSFilterableFetchedResultsController.m */; };
		9C29677E175D64A800B9EB24 /* SSFilteredResultsFilter.m in Sources */ = {isa = PBXBuildFile; fileRef = 9C29676F175D64A800B9EB24 /* SSFilteredResultsFilter.m */; };
		9C29677F175D64A800B9EB24 /* SSFilteredResultsSection.m in Sources */ = {isa = PBXBuildFile; fileRef = 9C296771175D64A800B9EB24 /* SSFilteredResultsSection.m */; };
		9C296780175D64A800B9EB24 /* SSManagedCollectionViewController.m in Sources */ = {isa = PBXBuildFile; fileRef = 9C296773175D64A800B9EB24 /* SSManagedCollectionViewController.m */; };
		9C296781175D64A800B9EB24 /* SSManagedObject.m in Sources */ = {isa = PBXBuildFile; fileRef = 9C296775175D64A800B9EB24 /* SSManagedObject.m */; };
		9C296782175D64A800B9EB24 /* SSManagedTableViewController.m in Sources */ = {isa = PBXBuildFile; fileRef = 9C296777175D64A800B9EB24 /* SSManagedTableViewController.m */; };
		9C296783175D64A800B9EB24 /* SSManagedViewController.m in Sources */ = {isa = PBXBuildFile; fileRef = 9C296779175D64A800B9EB24 /* SSManagedViewController.m */; };
		9C296784175D64A800B9EB24 /* SSRemoteManagedObject.m in Sources */ = {isa = PBXBuildFile; fileRef = 9C29677B175D64A800B9EB24 /* SSRemoteManagedObject.m */; };
		9C296787175D656D00B9EB24 /* SSManagedViewController.h in Headers */ = {isa = PBXBuildFile; fileRef = 9C296778175D64A800B9EB24 /* SSManagedViewController.h */; settings = {ATTRIBUTES = (Public, ); }; };
		9C296788175D656D00B9EB24 /* SSFilterableFetchedResultsController.h in Headers */ = {isa = PBXBuildFile; fileRef = 9C29676C175D64A800B9EB24 /* SSFilterableFetchedResultsController.h */; settings = {ATTRIBUTES = (Public, ); }; };
		9C296789175D656D00B9EB24 /* SSFilteredResultsFilter.h in Headers */ = {isa = PBXBuildFile; fileRef = 9C29676E175D64A800B9EB24 /* SSFilteredResultsFilter.h */; settings = {ATTRIBUTES = (Public, ); }; };
		9C29678A175D656D00B9EB24 /* SSFilteredResultsSection.h in Headers */ = {isa = PBXBuildFile; fileRef = 9C296770175D64A800B9EB24 /* SSFilteredResultsSection.h */; settings = {ATTRIBUTES = (Public, ); }; };
		9C29678B175D656D00B9EB24 /* SSManagedCollectionViewController.h in Headers */ = {isa = PBXBuildFile; fileRef = 9C296772175D64A800B9EB24 /* SSManagedCollectionViewController.h */; settings = {ATTRIBUTES = (Public, ); }; };
		9C29678C175D656D00B9EB24 /* SSManagedTableViewController.h in Headers */ = {isa = PBXBuildFile; fileRef = 9C296776175D64A800B9EB24 /* SSManagedTableViewController.h */; settings = {ATTRIBUTES = (Public, ); }; };
		9C29678D175D656D00B9EB24 /* NSManagedObjectContext+SSDataKitAdditions.h in Headers */ = {isa = PBXBuildFile; fileRef = 9C29676A175D64A800B9EB24 /* NSManagedObjectContext+SSDataKitAdditions.h */; settings = {ATTRIBUTES = (Public, ); }; };
		9C29678E175D656D00B9EB24 /* SSManagedObject.h in Headers */ = {isa = PBXBuildFile; fileRef = 9C296774175D64A800B9EB24 /* SSManagedObject.h */; settings = {ATTRIBUTES = (Public, ); }; };
		9C29678F175D656D00B9EB24 /* SSRemoteManagedObject.h in Headers */ = {isa = PBXBuildFile; fileRef = 9C29677A175D64A800B9EB24 /* SSRemoteManagedObject.h */; settings = {ATTRIBUTES = (Public, ); }; };
		9C2967AA175D692600B9EB24 /* Cocoa.framework in Frameworks */ = {isa = PBXBuildFile; fileRef = 9C2967A9175D692600B9EB24 /* Cocoa.framework */; };
		9C2967B4175D692600B9EB24 /* InfoPlist.strings in Resources */ = {isa = PBXBuildFile; fileRef = 9C2967B2175D692600B9EB24 /* InfoPlist.strings */; };
		9C2967BC175D6A4400B9EB24 /* NSManagedObjectContext+SSDataKitAdditions.h in Headers */ = {isa = PBXBuildFile; fileRef = 9C29676A175D64A800B9EB24 /* NSManagedObjectContext+SSDataKitAdditions.h */; settings = {ATTRIBUTES = (Public, ); }; };
		9C2967BD175D6A4400B9EB24 /* NSManagedObjectContext+SSDataKitAdditions.m in Sources */ = {isa = PBXBuildFile; fileRef = 9C29676B175D64A800B9EB24 /* NSManagedObjectContext+SSDataKitAdditions.m */; };
		9C2967BE175D6A4400B9EB24 /* SSManagedObject.h in Headers */ = {isa = PBXBuildFile; fileRef = 9C296774175D64A800B9EB24 /* SSManagedObject.h */; settings = {ATTRIBUTES = (Public, ); }; };
		9C2967BF175D6A4400B9EB24 /* SSManagedObject.m in Sources */ = {isa = PBXBuildFile; fileRef = 9C296775175D64A800B9EB24 /* SSManagedObject.m */; };
		9C2967C0175D6A4400B9EB24 /* SSRemoteManagedObject.h in Headers */ = {isa = PBXBuildFile; fileRef = 9C29677A175D64A800B9EB24 /* SSRemoteManagedObject.h */; settings = {ATTRIBUTES = (Public, ); }; };
		9C2967C1175D6A4400B9EB24 /* SSRemoteManagedObject.m in Sources */ = {isa = PBXBuildFile; fileRef = 9C29677B175D64A800B9EB24 /* SSRemoteManagedObject.m */; };
		9C2967C2175D6A4400B9EB24 /* SSDataKit.h in Headers */ = {isa = PBXBuildFile; fileRef = 9C296761175D646600B9EB24 /* SSDataKit.h */; settings = {ATTRIBUTES = (Public, ); }; };
		9C2967C3175D6A5000B9EB24 /* SSDataKit.h in Headers */ = {isa = PBXBuildFile; fileRef = 9C296761175D646600B9EB24 /* SSDataKit.h */; settings = {ATTRIBUTES = (Public, ); }; };
/* End PBXBuildFile section */

/* Begin PBXFileReference section */
		9C296759175D646600B9EB24 /* libSSDataKit.a */ = {isa = PBXFileReference; explicitFileType = archive.ar; includeInIndex = 0; path = libSSDataKit.a; sourceTree = BUILT_PRODUCTS_DIR; };
		9C29675C175D646600B9EB24 /* Foundation.framework */ = {isa = PBXFileReference; lastKnownFileType = wrapper.framework; name = Foundation.framework; path = System/Library/Frameworks/Foundation.framework; sourceTree = SDKROOT; };
		9C296760175D646600B9EB24 /* SSDataKit-Prefix.pch */ = {isa = PBXFileReference; lastKnownFileType = sourcecode.c.h; path = "SSDataKit-Prefix.pch"; sourceTree = "<group>"; };
		9C296761175D646600B9EB24 /* SSDataKit.h */ = {isa = PBXFileReference; lastKnownFileType = sourcecode.c.h; path = SSDataKit.h; sourceTree = "<group>"; };
		9C29676A175D64A800B9EB24 /* NSManagedObjectContext+SSDataKitAdditions.h */ = {isa = PBXFileReference; fileEncoding = 4; lastKnownFileType = sourcecode.c.h; path = "NSManagedObjectContext+SSDataKitAdditions.h"; sourceTree = "<group>"; };
		9C29676B175D64A800B9EB24 /* NSManagedObjectContext+SSDataKitAdditions.m */ = {isa = PBXFileReference; fileEncoding = 4; lastKnownFileType = sourcecode.c.objc; path = "NSManagedObjectContext+SSDataKitAdditions.m"; sourceTree = "<group>"; };
		9C29676C175D64A800B9EB24 /* SSFilterableFetchedResultsController.h */ = {isa = PBXFileReference; fileEncoding = 4; lastKnownFileType = sourcecode.c.h; path = SSFilterableFetchedResultsController.h; sourceTree = "<group>"; };
		9C29676D175D64A800B9EB24 /* SSFilterableFetchedResultsController.m */ = {isa = PBXFileReference; fileEncoding = 4; lastKnownFileType = sourcecode.c.objc; path = SSFilterableFetchedResultsController.m; sourceTree = "<group>"; };
		9C29676E175D64A800B9EB24 /* SSFilteredResultsFilter.h */ = {isa = PBXFileReference; fileEncoding = 4; lastKnownFileType = sourcecode.c.h; path = SSFilteredResultsFilter.h; sourceTree = "<group>"; };
		9C29676F175D64A800B9EB24 /* SSFilteredResultsFilter.m */ = {isa = PBXFileReference; fileEncoding = 4; lastKnownFileType = sourcecode.c.objc; path = SSFilteredResultsFilter.m; sourceTree = "<group>"; };
		9C296770175D64A800B9EB24 /* SSFilteredResultsSection.h */ = {isa = PBXFileReference; fileEncoding = 4; lastKnownFileType = sourcecode.c.h; path = SSFilteredResultsSection.h; sourceTree = "<group>"; };
		9C296771175D64A800B9EB24 /* SSFilteredResultsSection.m */ = {isa = PBXFileReference; fileEncoding = 4; lastKnownFileType = sourcecode.c.objc; path = SSFilteredResultsSection.m; sourceTree = "<group>"; };
		9C296772175D64A800B9EB24 /* SSManagedCollectionViewController.h */ = {isa = PBXFileReference; fileEncoding = 4; lastKnownFileType = sourcecode.c.h; path = SSManagedCollectionViewController.h; sourceTree = "<group>"; };
		9C296773175D64A800B9EB24 /* SSManagedCollectionViewController.m */ = {isa = PBXFileReference; fileEncoding = 4; lastKnownFileType = sourcecode.c.objc; path = SSManagedCollectionViewController.m; sourceTree = "<group>"; };
		9C296774175D64A800B9EB24 /* SSManagedObject.h */ = {isa = PBXFileReference; fileEncoding = 4; lastKnownFileType = sourcecode.c.h; path = SSManagedObject.h; sourceTree = "<group>"; };
		9C296775175D64A800B9EB24 /* SSManagedObject.m */ = {isa = PBXFileReference; fileEncoding = 4; lastKnownFileType = sourcecode.c.objc; path = SSManagedObject.m; sourceTree = "<group>"; };
		9C296776175D64A800B9EB24 /* SSManagedTableViewController.h */ = {isa = PBXFileReference; fileEncoding = 4; lastKnownFileType = sourcecode.c.h; path = SSManagedTableViewController.h; sourceTree = "<group>"; };
		9C296777175D64A800B9EB24 /* SSManagedTableViewController.m */ = {isa = PBXFileReference; fileEncoding = 4; lastKnownFileType = sourcecode.c.objc; path = SSManagedTableViewController.m; sourceTree = "<group>"; };
		9C296778175D64A800B9EB24 /* SSManagedViewController.h */ = {isa = PBXFileReference; fileEncoding = 4; lastKnownFileType = sourcecode.c.h; path = SSManagedViewController.h; sourceTree = "<group>"; };
		9C296779175D64A800B9EB24 /* SSManagedViewController.m */ = {isa = PBXFileReference; fileEncoding = 4; lastKnownFileType = sourcecode.c.objc; path = SSManagedViewController.m; sourceTree = "<group>"; };
		9C29677A175D64A800B9EB24 /* SSRemoteManagedObject.h */ = {isa = PBXFileReference; fileEncoding = 4; lastKnownFileType = sourcecode.c.h; path = SSRemoteManagedObject.h; sourceTree = "<group>"; };
		9C29677B175D64A800B9EB24 /* SSRemoteManagedObject.m */ = {isa = PBXFileReference; fileEncoding = 4; lastKnownFileType = sourcecode.c.objc; path = SSRemoteManagedObject.m; sourceTree = "<group>"; };
		9C2967A8175D692600B9EB24 /* SSDataKit.framework */ = {isa = PBXFileReference; explicitFileType = wrapper.framework; includeInIndex = 0; path = SSDataKit.framework; sourceTree = BUILT_PRODUCTS_DIR; };
		9C2967A9175D692600B9EB24 /* Cocoa.framework */ = {isa = PBXFileReference; lastKnownFileType = wrapper.framework; name = Cocoa.framework; path = Library/Frameworks/Cocoa.framework; sourceTree = DEVELOPER_DIR; };
		9C2967AC175D692600B9EB24 /* AppKit.framework */ = {isa = PBXFileReference; lastKnownFileType = wrapper.framework; name = AppKit.framework; path = Library/Frameworks/AppKit.framework; sourceTree = SDKROOT; };
		9C2967AD175D692600B9EB24 /* CoreData.framework */ = {isa = PBXFileReference; lastKnownFileType = wrapper.framework; name = CoreData.framework; path = Library/Frameworks/CoreData.framework; sourceTree = SDKROOT; };
		9C2967AE175D692600B9EB24 /* Foundation.framework */ = {isa = PBXFileReference; lastKnownFileType = wrapper.framework; name = Foundation.framework; path = Library/Frameworks/Foundation.framework; sourceTree = SDKROOT; };
		9C2967B1175D692600B9EB24 /* SSDataKit-Info.plist */ = {isa = PBXFileReference; lastKnownFileType = text.plist.xml; path = "SSDataKit-Info.plist"; sourceTree = "<group>"; };
		9C2967B3175D692600B9EB24 /* en */ = {isa = PBXFileReference; lastKnownFileType = text.plist.strings; name = en; path = en.lproj/InfoPlist.strings; sourceTree = "<group>"; };
/* End PBXFileReference section */

/* Begin PBXFrameworksBuildPhase section */
		9C296756175D646600B9EB24 /* Frameworks */ = {
			isa = PBXFrameworksBuildPhase;
			buildActionMask = 2147483647;
			files = (
				9C29675D175D646600B9EB24 /* Foundation.framework in Frameworks */,
			);
			runOnlyForDeploymentPostprocessing = 0;
		};
		9C2967A4175D692600B9EB24 /* Frameworks */ = {
			isa = PBXFrameworksBuildPhase;
			buildActionMask = 2147483647;
			files = (
				9C2967AA175D692600B9EB24 /* Cocoa.framework in Frameworks */,
			);
			runOnlyForDeploymentPostprocessing = 0;
		};
/* End PBXFrameworksBuildPhase section */

/* Begin PBXGroup section */
		9C296750175D646600B9EB24 = {
			isa = PBXGroup;
			children = (
				9C29675E175D646600B9EB24 /* SSDataKit */,
				9C29675B175D646600B9EB24 /* Frameworks */,
				9C29675A175D646600B9EB24 /* Products */,
			);
			sourceTree = "<group>";
		};
		9C29675A175D646600B9EB24 /* Products */ = {
			isa = PBXGroup;
			children = (
				9C296759175D646600B9EB24 /* libSSDataKit.a */,
				9C2967A8175D692600B9EB24 /* SSDataKit.framework */,
			);
			name = Products;
			sourceTree = "<group>";
		};
		9C29675B175D646600B9EB24 /* Frameworks */ = {
			isa = PBXGroup;
			children = (
				9C29675C175D646600B9EB24 /* Foundation.framework */,
				9C2967A9175D692600B9EB24 /* Cocoa.framework */,
				9C2967AB175D692600B9EB24 /* Other Frameworks */,
			);
			name = Frameworks;
			sourceTree = "<group>";
		};
		9C29675E175D646600B9EB24 /* SSDataKit */ = {
			isa = PBXGroup;
			children = (
				9C296785175D651D00B9EB24 /* View Controllers */,
				9C29676A175D64A800B9EB24 /* NSManagedObjectContext+SSDataKitAdditions.h */,
				9C29676B175D64A800B9EB24 /* NSManagedObjectContext+SSDataKitAdditions.m */,
				9C296774175D64A800B9EB24 /* SSManagedObject.h */,
				9C296775175D64A800B9EB24 /* SSManagedObject.m */,
				9C29677A175D64A800B9EB24 /* SSRemoteManagedObject.h */,
				9C29677B175D64A800B9EB24 /* SSRemoteManagedObject.m */,
				9C296761175D646600B9EB24 /* SSDataKit.h */,
				9C29675F175D646600B9EB24 /* Supporting Files */,
			);
			path = SSDataKit;
			sourceTree = "<group>";
		};
		9C29675F175D646600B9EB24 /* Supporting Files */ = {
			isa = PBXGroup;
			children = (
				9C296760175D646600B9EB24 /* SSDataKit-Prefix.pch */,
				9C2967B1175D692600B9EB24 /* SSDataKit-Info.plist */,
				9C2967B2175D692600B9EB24 /* InfoPlist.strings */,
			);
			name = "Supporting Files";
			sourceTree = "<group>";
		};
		9C296785175D651D00B9EB24 /* View Controllers */ = {
			isa = PBXGroup;
			children = (
				9C296778175D64A800B9EB24 /* SSManagedViewController.h */,
				9C296779175D64A800B9EB24 /* SSManagedViewController.m */,
				9C29676C175D64A800B9EB24 /* SSFilterableFetchedResultsController.h */,
				9C29676D175D64A800B9EB24 /* SSFilterableFetchedResultsController.m */,
				9C29676E175D64A800B9EB24 /* SSFilteredResultsFilter.h */,
				9C29676F175D64A800B9EB24 /* SSFilteredResultsFilter.m */,
				9C296770175D64A800B9EB24 /* SSFilteredResultsSection.h */,
				9C296771175D64A800B9EB24 /* SSFilteredResultsSection.m */,
				9C296772175D64A800B9EB24 /* SSManagedCollectionViewController.h */,
				9C296773175D64A800B9EB24 /* SSManagedCollectionViewController.m */,
				9C296776175D64A800B9EB24 /* SSManagedTableViewController.h */,
				9C296777175D64A800B9EB24 /* SSManagedTableViewController.m */,
			);
			name = "View Controllers";
			sourceTree = "<group>";
		};
		9C2967AB175D692600B9EB24 /* Other Frameworks */ = {
			isa = PBXGroup;
			children = (
				9C2967AC175D692600B9EB24 /* AppKit.framework */,
				9C2967AD175D692600B9EB24 /* CoreData.framework */,
				9C2967AE175D692600B9EB24 /* Foundation.framework */,
			);
			name = "Other Frameworks";
			sourceTree = "<group>";
		};
/* End PBXGroup section */

/* Begin PBXHeadersBuildPhase section */
		9C296786175D656300B9EB24 /* Headers */ = {
			isa = PBXHeadersBuildPhase;
			buildActionMask = 2147483647;
			files = (
				9C296787175D656D00B9EB24 /* SSManagedViewController.h in Headers */,
				9C296788175D656D00B9EB24 /* SSFilterableFetchedResultsController.h in Headers */,
				9C296789175D656D00B9EB24 /* SSFilteredResultsFilter.h in Headers */,
				9C29678A175D656D00B9EB24 /* SSFilteredResultsSection.h in Headers */,
				9C29678B175D656D00B9EB24 /* SSManagedCollectionViewController.h in Headers */,
				9C29678C175D656D00B9EB24 /* SSManagedTableViewController.h in Headers */,
				9C29678D175D656D00B9EB24 /* NSManagedObjectContext+SSDataKitAdditions.h in Headers */,
				9C29678E175D656D00B9EB24 /* SSManagedObject.h in Headers */,
				9C29678F175D656D00B9EB24 /* SSRemoteManagedObject.h in Headers */,
				9C2967C3175D6A5000B9EB24 /* SSDataKit.h in Headers */,
			);
			runOnlyForDeploymentPostprocessing = 0;
		};
		9C2967A5175D692600B9EB24 /* Headers */ = {
			isa = PBXHeadersBuildPhase;
			buildActionMask = 2147483647;
			files = (
				9C2967BC175D6A4400B9EB24 /* NSManagedObjectContext+SSDataKitAdditions.h in Headers */,
				9C2967BE175D6A4400B9EB24 /* SSManagedObject.h in Headers */,
				9C2967C0175D6A4400B9EB24 /* SSRemoteManagedObject.h in Headers */,
				9C2967C2175D6A4400B9EB24 /* SSDataKit.h in Headers */,
			);
			runOnlyForDeploymentPostprocessing = 0;
		};
/* End PBXHeadersBuildPhase section */

/* Begin PBXNativeTarget section */
		9C296758175D646600B9EB24 /* SSDataKit iOS */ = {
			isa = PBXNativeTarget;
			buildConfigurationList = 9C296767175D646600B9EB24 /* Build configuration list for PBXNativeTarget "SSDataKit iOS" */;
			buildPhases = (
				9C296755175D646600B9EB24 /* Sources */,
				9C296756175D646600B9EB24 /* Frameworks */,
				9C296786175D656300B9EB24 /* Headers */,
			);
			buildRules = (
			);
			dependencies = (
			);
			name = "SSDataKit iOS";
			productName = SSDataKit;
			productReference = 9C296759175D646600B9EB24 /* libSSDataKit.a */;
			productType = "com.apple.product-type.library.static";
		};
		9C2967A7175D692600B9EB24 /* SSDataKit OS X */ = {
			isa = PBXNativeTarget;
			buildConfigurationList = 9C2967B9175D692600B9EB24 /* Build configuration list for PBXNativeTarget "SSDataKit OS X" */;
			buildPhases = (
				9C2967A3175D692600B9EB24 /* Sources */,
				9C2967A4175D692600B9EB24 /* Frameworks */,
				9C2967A5175D692600B9EB24 /* Headers */,
				9C2967A6175D692600B9EB24 /* Resources */,
			);
			buildRules = (
			);
			dependencies = (
			);
			name = "SSDataKit OS X";
			productName = "SSDataKit-OS X";
			productReference = 9C2967A8175D692600B9EB24 /* SSDataKit.framework */;
			productType = "com.apple.product-type.framework";
		};
/* End PBXNativeTarget section */

/* Begin PBXProject section */
		9C296751175D646600B9EB24 /* Project object */ = {
			isa = PBXProject;
			attributes = {
				LastUpgradeCheck = 0460;
				ORGANIZATIONNAME = "Sam Soffes";
			};
			buildConfigurationList = 9C296754175D646600B9EB24 /* Build configuration list for PBXProject "SSDataKit" */;
			compatibilityVersion = "Xcode 3.2";
			developmentRegion = English;
			hasScannedForEncodings = 0;
			knownRegions = (
				en,
			);
			mainGroup = 9C296750175D646600B9EB24;
			productRefGroup = 9C29675A175D646600B9EB24 /* Products */;
			projectDirPath = "";
			projectRoot = "";
			targets = (
				9C296758175D646600B9EB24 /* SSDataKit iOS */,
				9C2967A7175D692600B9EB24 /* SSDataKit OS X */,
			);
		};
/* End PBXProject section */

/* Begin PBXResourcesBuildPhase section */
		9C2967A6175D692600B9EB24 /* Resources */ = {
			isa = PBXResourcesBuildPhase;
			buildActionMask = 2147483647;
			files = (
				9C2967B4175D692600B9EB24 /* InfoPlist.strings in Resources */,
			);
			runOnlyForDeploymentPostprocessing = 0;
		};
/* End PBXResourcesBuildPhase section */

/* Begin PBXSourcesBuildPhase section */
		9C296755175D646600B9EB24 /* Sources */ = {
			isa = PBXSourcesBuildPhase;
			buildActionMask = 2147483647;
			files = (
				9C29677C175D64A800B9EB24 /* NSManagedObjectContext+SSDataKitAdditions.m in Sources */,
				9C29677D175D64A800B9EB24 /* SSFilterableFetchedResultsController.m in Sources */,
				9C29677E175D64A800B9EB24 /* SSFilteredResultsFilter.m in Sources */,
				9C29677F175D64A800B9EB24 /* SSFilteredResultsSection.m in Sources */,
				9C296780175D64A800B9EB24 /* SSManagedCollectionViewController.m in Sources */,
				9C296781175D64A800B9EB24 /* SSManagedObject.m in Sources */,
				9C296782175D64A800B9EB24 /* SSManagedTableViewController.m in Sources */,
				9C296783175D64A800B9EB24 /* SSManagedViewController.m in Sources */,
				9C296784175D64A800B9EB24 /* SSRemoteManagedObject.m in Sources */,
			);
			runOnlyForDeploymentPostprocessing = 0;
		};
		9C2967A3175D692600B9EB24 /* Sources */ = {
			isa = PBXSourcesBuildPhase;
			buildActionMask = 2147483647;
			files = (
				9C2967BD175D6A4400B9EB24 /* NSManagedObjectContext+SSDataKitAdditions.m in Sources */,
				9C2967BF175D6A4400B9EB24 /* SSManagedObject.m in Sources */,
				9C2967C1175D6A4400B9EB24 /* SSRemoteManagedObject.m in Sources */,
			);
			runOnlyForDeploymentPostprocessing = 0;
		};
/* End PBXSourcesBuildPhase section */

/* Begin PBXVariantGroup section */
		9C2967B2175D692600B9EB24 /* InfoPlist.strings */ = {
			isa = PBXVariantGroup;
			children = (
				9C2967B3175D692600B9EB24 /* en */,
			);
			name = InfoPlist.strings;
			sourceTree = "<group>";
		};
/* End PBXVariantGroup section */

/* Begin XCBuildConfiguration section */
		9C296765175D646600B9EB24 /* Debug */ = {
			isa = XCBuildConfiguration;
			buildSettings = {
				ALWAYS_SEARCH_USER_PATHS = NO;
				CLANG_CXX_LANGUAGE_STANDARD = "gnu++0x";
				CLANG_CXX_LIBRARY = "libc++";
				CLANG_ENABLE_OBJC_ARC = YES;
				CLANG_WARN_CONSTANT_CONVERSION = YES;
				CLANG_WARN_DEPRECATED_OBJC_IMPLEMENTATIONS = YES;
				CLANG_WARN_EMPTY_BODY = YES;
				CLANG_WARN_ENUM_CONVERSION = YES;
				CLANG_WARN_INT_CONVERSION = YES;
				CLANG_WARN_SUSPICIOUS_IMPLICIT_CONVERSION = YES;
				CLANG_WARN__DUPLICATE_METHOD_MATCH = YES;
				COPY_PHASE_STRIP = NO;
				GCC_C_LANGUAGE_STANDARD = gnu99;
				GCC_DYNAMIC_NO_PIC = NO;
				GCC_OPTIMIZATION_LEVEL = 0;
				GCC_PREPROCESSOR_DEFINITIONS = (
					"DEBUG=1",
					"$(inherited)",
				);
				GCC_SYMBOLS_PRIVATE_EXTERN = NO;
				GCC_WARN_64_TO_32_BIT_CONVERSION = YES;
				GCC_WARN_ABOUT_MISSING_FIELD_INITIALIZERS = YES;
				GCC_WARN_ABOUT_RETURN_TYPE = YES;
				GCC_WARN_FOUR_CHARACTER_CONSTANTS = YES;
				GCC_WARN_INITIALIZER_NOT_FULLY_BRACKETED = YES;
				GCC_WARN_UNINITIALIZED_AUTOS = YES;
				GCC_WARN_UNUSED_FUNCTION = YES;
				GCC_WARN_UNUSED_LABEL = YES;
				GCC_WARN_UNUSED_VARIABLE = YES;
				IPHONEOS_DEPLOYMENT_TARGET = 6.0;
				ONLY_ACTIVE_ARCH = YES;
				SDKROOT = iphoneos;
				SS_PRODUCT_BASE_NAME = SSDataKit;
			};
			name = Debug;
		};
		9C296766175D646600B9EB24 /* Release */ = {
			isa = XCBuildConfiguration;
			buildSettings = {
				ALWAYS_SEARCH_USER_PATHS = NO;
				CLANG_CXX_LANGUAGE_STANDARD = "gnu++0x";
				CLANG_CXX_LIBRARY = "libc++";
				CLANG_ENABLE_OBJC_ARC = YES;
				CLANG_WARN_CONSTANT_CONVERSION = YES;
				CLANG_WARN_DEPRECATED_OBJC_IMPLEMENTATIONS = YES;
				CLANG_WARN_EMPTY_BODY = YES;
				CLANG_WARN_ENUM_CONVERSION = YES;
				CLANG_WARN_INT_CONVERSION = YES;
				CLANG_WARN_SUSPICIOUS_IMPLICIT_CONVERSION = YES;
				CLANG_WARN__DUPLICATE_METHOD_MATCH = YES;
				COPY_PHASE_STRIP = YES;
				GCC_C_LANGUAGE_STANDARD = gnu99;
				GCC_WARN_64_TO_32_BIT_CONVERSION = YES;
				GCC_WARN_ABOUT_MISSING_FIELD_INITIALIZERS = YES;
				GCC_WARN_ABOUT_RETURN_TYPE = YES;
				GCC_WARN_FOUR_CHARACTER_CONSTANTS = YES;
				GCC_WARN_INITIALIZER_NOT_FULLY_BRACKETED = YES;
				GCC_WARN_UNINITIALIZED_AUTOS = YES;
				GCC_WARN_UNUSED_FUNCTION = YES;
				GCC_WARN_UNUSED_LABEL = YES;
				GCC_WARN_UNUSED_VARIABLE = YES;
				IPHONEOS_DEPLOYMENT_TARGET = 6.0;
				SDKROOT = iphoneos;
				SS_PRODUCT_BASE_NAME = SSDataKit;
				VALIDATE_PRODUCT = YES;
			};
			name = Release;
		};
		9C296768175D646600B9EB24 /* Debug */ = {
			isa = XCBuildConfiguration;
			buildSettings = {
				DSTROOT = /tmp/SSDataKit.dst;
				GCC_PRECOMPILE_PREFIX_HEADER = YES;
				GCC_PREFIX_HEADER = "SSDataKit/SSDataKit-Prefix.pch";
				OTHER_LDFLAGS = "-ObjC";
				PRODUCT_NAME = "$(SS_PRODUCT_BASE_NAME)";
				PUBLIC_HEADERS_FOLDER_PATH = include/$PRODUCT_NAME;
				RUN_CLANG_STATIC_ANALYZER = YES;
				SKIP_INSTALL = YES;
			};
			name = Debug;
		};
		9C296769175D646600B9EB24 /* Release */ = {
			isa = XCBuildConfiguration;
			buildSettings = {
				DSTROOT = /tmp/SSDataKit.dst;
				GCC_PRECOMPILE_PREFIX_HEADER = YES;
				GCC_PREFIX_HEADER = "SSDataKit/SSDataKit-Prefix.pch";
				OTHER_LDFLAGS = "-ObjC";
				PRODUCT_NAME = "$(SS_PRODUCT_BASE_NAME)";
				PUBLIC_HEADERS_FOLDER_PATH = include/$PRODUCT_NAME;
				RUN_CLANG_STATIC_ANALYZER = YES;
				SKIP_INSTALL = YES;
			};
			name = Release;
		};
		9C2967BA175D692600B9EB24 /* Debug */ = {
			isa = XCBuildConfiguration;
			buildSettings = {
				ARCHS = "$(ARCHS_STANDARD_64_BIT)";
				COMBINE_HIDPI_IMAGES = YES;
				DYLIB_COMPATIBILITY_VERSION = 1;
				DYLIB_CURRENT_VERSION = 1;
				FRAMEWORK_SEARCH_PATHS = (
					"$(inherited)",
					"\"$(SYSTEM_APPS_DIR)/Xcode.app/Contents/Developer/Library/Frameworks\"",
				);
				FRAMEWORK_VERSION = A;
				GCC_ENABLE_OBJC_EXCEPTIONS = YES;
				GCC_PRECOMPILE_PREFIX_HEADER = YES;
				GCC_PREFIX_HEADER = "SSDataKit/SSDataKit-Prefix.pch";
				GCC_WARN_SIGN_COMPARE = YES;
				INFOPLIST_FILE = "SSDataKit/SSDataKit-Info.plist";
				INSTALL_PATH = "@rpath";
				LD_DYLIB_INSTALL_NAME = "@rpath/$(PRODUCT_NAME).$(WRAPPER_EXTENSION)/$(PRODUCT_NAME)";
				MACOSX_DEPLOYMENT_TARGET = 10.8;
				PRODUCT_NAME = "$(SS_PRODUCT_BASE_NAME)";
				RUN_CLANG_STATIC_ANALYZER = YES;
				SDKROOT = macosx;
				WRAPPER_EXTENSION = framework;
			};
			name = Debug;
		};
		9C2967BB175D692600B9EB24 /* Release */ = {
			isa = XCBuildConfiguration;
			buildSettings = {
				ARCHS = "$(ARCHS_STANDARD_64_BIT)";
				COMBINE_HIDPI_IMAGES = YES;
				DEBUG_INFORMATION_FORMAT = "dwarf-with-dsym";
				DYLIB_COMPATIBILITY_VERSION = 1;
				DYLIB_CURRENT_VERSION = 1;
				FRAMEWORK_SEARCH_PATHS = (
					"$(inherited)",
					"\"$(SYSTEM_APPS_DIR)/Xcode.app/Contents/Developer/Library/Frameworks\"",
				);
				FRAMEWORK_VERSION = A;
				GCC_ENABLE_OBJC_EXCEPTIONS = YES;
				GCC_PRECOMPILE_PREFIX_HEADER = YES;
				GCC_PREFIX_HEADER = "SSDataKit/SSDataKit-Prefix.pch";
				GCC_WARN_SIGN_COMPARE = YES;
				INFOPLIST_FILE = "SSDataKit/SSDataKit-Info.plist";
				INSTALL_PATH = "@rpath";
				LD_DYLIB_INSTALL_NAME = "@rpath/$(PRODUCT_NAME).$(WRAPPER_EXTENSION)/$(PRODUCT_NAME)";
				MACOSX_DEPLOYMENT_TARGET = 10.8;
				PRODUCT_NAME = "$(SS_PRODUCT_BASE_NAME)";
				RUN_CLANG_STATIC_ANALYZER = YES;
				SDKROOT = macosx;
				WRAPPER_EXTENSION = framework;
			};
			name = Release;
		};
/* End XCBuildConfiguration section */

/* Begin XCConfigurationList section */
		9C296754175D646600B9EB24 /* Build configuration list for PBXProject "SSDataKit" */ = {
			isa = XCConfigurationList;
			buildConfigurations = (
				9C296765175D646600B9EB24 /* Debug */,
				9C296766175D646600B9EB24 /* Release */,
			);
			defaultConfigurationIsVisible = 0;
			defaultConfigurationName = Release;
		};
		9C296767175D646600B9EB24 /* Build configuration list for PBXNativeTarget "SSDataKit iOS" */ = {
			isa = XCConfigurationList;
			buildConfigurations = (
				9C296768175D646600B9EB24 /* Debug */,
				9C296769175D646600B9EB24 /* Release */,
			);
			defaultConfigurationIsVisible = 0;
			defaultConfigurationName = Release;
		};
		9C2967B9175D692600B9EB24 /* Build configuration list for PBXNativeTarget "SSDataKit OS X" */ = {
			isa = XCConfigurationList;
			buildConfigurations = (
				9C2967BA175D692600B9EB24 /* Debug */,
				9C2967BB175D692600B9EB24 /* Release */,
			);
			defaultConfigurationIsVisible = 0;
		};
/* End XCConfigurationList section */
	};
	rootObject = 9C296751175D646600B9EB24 /* Project object */;
}
